
Microsoft Visual Studio Solution File, Format Version 12.00
# Visual Studio Version 17
VisualStudioVersion = 17.11.35222.181
MinimumVisualStudioVersion = 10.0.40219.1
Project("{FAE04EC0-301F-11D3-BF4B-00C04F79EFBC}") = "ProductAPI", "ProductAPI\ProductAPI.csproj", "{2B49FEAA-0CA6-44F8-B362-79EB068B326C}"
EndProject
Global
	GlobalSection(SolutionConfigurationPlatforms) = preSolution
		Debug|Any CPU = Debug|Any CPU
		Release|Any CPU = Release|Any CPU
	EndGlobalSection
	GlobalSection(ProjectConfigurationPlatforms) = postSolution
		{2B49FEAA-0CA6-44F8-B362-79EB068B326C}.Debug|Any CPU.ActiveCfg = Debug|Any CPU
		{2B49FEAA-0CA6-44F8-B362-79EB068B326C}.Debug|Any CPU.Build.0 = Debug|Any CPU
		{2B49FEAA-0CA6-44F8-B362-79EB068B326C}.Release|Any CPU.ActiveCfg = Release|Any CPU
		{2B49FEAA-0CA6-44F8-B362-79EB068B326C}.Release|Any CPU.Build.0 = Release|Any CPU
	EndGlobalSection
	GlobalSection(SolutionProperties) = preSolution
		HideSolutionNode = FALSE
	EndGlobalSection
	GlobalSection(ExtensibilityGlobals) = postSolution
		SolutionGuid = {C5E5525F-AA04-4D86-9721-FC34D8ACB2FE}
	EndGlobalSection
EndGlobal
